
Microsoft Visual Studio Solution File, Format Version 12.00
Project("{FAE04EC0-301F-11D3-BF4B-00C04F79EFBC}") = "BankingAPI", "BankingAPI\BankingAPI.csproj", "{3FF567DA-EAF8-44E5-8F3C-37273BE6A66A}"
EndProject
Project("{2150E333-8FDC-42A3-9474-1A3956D46DE8}") = "Solution Items", "Solution Items", "{F9DFD515-F244-48A3-A15E-691E015E511F}"
	ProjectSection(SolutionItems) = preProject
		compose.yaml = compose.yaml
	EndProjectSection
EndProject
Global
	GlobalSection(SolutionConfigurationPlatforms) = preSolution
		Debug|Any CPU = Debug|Any CPU
		Release|Any CPU = Release|Any CPU
	EndGlobalSection
	GlobalSection(ProjectConfigurationPlatforms) = postSolution
		{3FF567DA-EAF8-44E5-8F3C-37273BE6A66A}.Debug|Any CPU.ActiveCfg = Debug|Any CPU
		{3FF567DA-EAF8-44E5-8F3C-37273BE6A66A}.Debug|Any CPU.Build.0 = Debug|Any CPU
		{3FF567DA-EAF8-44E5-8F3C-37273BE6A66A}.Release|Any CPU.ActiveCfg = Release|Any CPU
		{3FF567DA-EAF8-44E5-8F3C-37273BE6A66A}.Release|Any CPU.Build.0 = Release|Any CPU
	EndGlobalSection
EndGlobal
